
Microsoft Visual Studio Solution File, Format Version 12.00
# Visual Studio Version 17
VisualStudioVersion = 17.6.33815.320
MinimumVisualStudioVersion = 10.0.40219.1
Project("{FAE04EC0-301F-11D3-BF4B-00C04F79EFBC}") = "RaadTestSSO", "RaadTestSSO.csproj", "{A6EB03F6-8440-4004-895F-850BA7A0F294}"
EndProject
Global
	GlobalSection(SolutionConfigurationPlatforms) = preSolution
		Debug|Any CPU = Debug|Any CPU
		Release|Any CPU = Release|Any CPU
	EndGlobalSection
	GlobalSection(ProjectConfigurationPlatforms) = postSolution
		{A6EB03F6-8440-4004-895F-850BA7A0F294}.Debug|Any CPU.ActiveCfg = Debug|Any CPU
		{A6EB03F6-8440-4004-895F-850BA7A0F294}.Debug|Any CPU.Build.0 = Debug|Any CPU
		{A6EB03F6-8440-4004-895F-850BA7A0F294}.Release|Any CPU.ActiveCfg = Release|Any CPU
		{A6EB03F6-8440-4004-895F-850BA7A0F294}.Release|Any CPU.Build.0 = Release|Any CPU
	EndGlobalSection
	GlobalSection(SolutionProperties) = preSolution
		HideSolutionNode = FALSE
	EndGlobalSection
	GlobalSection(ExtensibilityGlobals) = postSolution
		SolutionGuid = {96C42081-526B-4C02-8817-7A318D66ED8D}
	EndGlobalSection
EndGlobal
